PODS:
  - AFNetworking (3.2.1):
    - AFNetworking/NSURLSession (= 3.2.1)
    - AFNetworking/Reachability (= 3.2.1)
    - AFNetworking/Security (= 3.2.1)
    - AFNetworking/Serialization (= 3.2.1)
    - AFNetworking/UIKit (= 3.2.1)
  - AFNetworking/NSURLSession (3.2.1):
    - AFNetworking/Reachability
    - AFNetworking/Security
    - AFNetworking/Serialization
  - AFNetworking/Reachability (3.2.1)
  - AFNetworking/Security (3.2.1)
  - AFNetworking/Serialization (3.2.1)
  - AFNetworking/UIKit (3.2.1):
    - AFNetworking/NSURLSession
  - DZNEmptyDataSet (1.8.1)
  - IQKeyboardManager (6.0.4)
  - JCore (1.2.0)
  - JPFPSStatus (0.1.1)
  - JPush (3.0.9):
    - JCore (~> 1.2.0)
  - KSPhotoBrowser (0.1.7):
    - YYWebImage (~> 1.0.5)
  - MAObjCRuntime (0.0.1)
  - Masonry (1.1.0)
  - MBProgressHUD (0.9.2)
  - MJExtension (3.0.15)
  - MJRefresh (3.1.15.3)
  - mob_sharesdk (4.1.2):
    - mob_sharesdk/ShareSDK (= 4.1.2)
    - MOBFoundation
  - mob_sharesdk/ShareSDK (4.1.2):
    - MOBFoundation
  - mob_sharesdk/ShareSDKExtension (4.1.2):
    - mob_sharesdk/ShareSDK
    - MOBFoundation
  - mob_sharesdk/ShareSDKPlatforms/QQ (4.1.2):
    - mob_sharesdk/ShareSDK
    - MOBFoundation
  - mob_sharesdk/ShareSDKPlatforms/SinaWeibo (4.1.2):
    - mob_sharesdk/ShareSDK
    - MOBFoundation
  - mob_sharesdk/ShareSDKPlatforms/WeChatFull (4.1.2):
    - mob_sharesdk/ShareSDK
    - MOBFoundation
  - mob_sharesdk/ShareSDKUI (4.1.2):
    - mob_sharesdk/ShareSDK
    - MOBFoundation
  - MOBFoundation (3.1.6)
  - "NSDate+Helper (1.0.4)"
  - PPNetworkHelper (0.8.1):
    - AFNetworking (~> 3.2.0)
    - YYCache (~> 1.0.4)
  - PYSearch (0.9.0)
  - ReactiveObjC (3.0.0)
  - RTRootNavigationController (0.6.7):
    - RTRootNavigationController/Core (= 0.6.7)
  - RTRootNavigationController/Core (0.6.7)
  - SDAutoLayout (2.2.0)
  - SDCycleScrollView (1.75):
    - SDWebImage (>= 4.0.0)
  - SDWebImage (4.4.1):
    - SDWebImage/Core (= 4.4.1)
  - SDWebImage/Core (4.4.1)
  - Toast (4.0.0)
  - TTTAttributedLabel (2.0.0)
  - TYCyclePagerView (1.1.0)
  - YYCache (1.0.4)
  - YYImage (1.0.4):
    - YYImage/Core (= 1.0.4)
  - YYImage/Core (1.0.4)
  - YYWebImage (1.0.5):
    - YYCache
    - YYImage

DEPENDENCIES:
  - DZNEmptyDataSet
  - IQKeyboardManager
  - JPFPSStatus
  - JPush
  - KSPhotoBrowser
  - MAObjCRuntime
  - Masonry
  - MBProgressHUD (~> 0.9.2)
  - MJExtension
  - MJRefresh
  - mob_sharesdk
  - mob_sharesdk/ShareSDKExtension
  - mob_sharesdk/ShareSDKPlatforms/QQ
  - mob_sharesdk/ShareSDKPlatforms/SinaWeibo
  - mob_sharesdk/ShareSDKPlatforms/WeChatFull
  - mob_sharesdk/ShareSDKUI
  - "NSDate+Helper"
  - PPNetworkHelper
  - PYSearch
  - ReactiveObjC (~> 3.0.0)
  - RTRootNavigationController
  - SDAutoLayout
  - SDCycleScrollView
  - SDWebImage
  - Toast
  - TTTAttributedLabel
  - TYCyclePagerView

SPEC REPOS:
  https://github.com/cocoapods/specs.git:
    - AFNetworking
    - DZNEmptyDataSet
    - IQKeyboardManager
    - JCore
    - JPFPSStatus
    - JPush
    - KSPhotoBrowser
    - MAObjCRuntime
    - Masonry
    - MBProgressHUD
    - MJExtension
    - MJRefresh
    - mob_sharesdk
    - MOBFoundation
    - "NSDate+Helper"
    - PPNetworkHelper
    - PYSearch
    - ReactiveObjC
    - RTRootNavigationController
    - SDAutoLayout
    - SDCycleScrollView
    - SDWebImage
    - Toast
    - TTTAttributedLabel
    - TYCyclePagerView
    - YYCache
    - YYImage
    - YYWebImage

SPEC CHECKSUMS:
  AFNetworking: b6f891fdfaed196b46c7a83cf209e09697b94057
  DZNEmptyDataSet: 9525833b9e68ac21c30253e1d3d7076cc828eaa7
  IQKeyboardManager: 29514134ef0334a6fa33cf4eee11c36c064baeaf
  JCore: b52e3dd73625eec70afd1244bb9c41038aa06087
  JPFPSStatus: 03f32aa3d4d7d0c5bf56f6f3e7cf8b7280a5f52c
  JPush: 48041e8c5ad2ef9b48709eb0888af9640b36e9b0
  KSPhotoBrowser: 705ed3fcaa8f0435013e5c45f5b86e83e1918671
  MAObjCRuntime: a6a1d95acbfa3784d66cb35bd42904e47943b488
  Masonry: 678fab65091a9290e40e2832a55e7ab731aad201
  MBProgressHUD: 1569cf7ace17a8bac47aabfbb8580a49690386d1
  MJExtension: 3f039575db1b135a20699ad298713b26acec1528
  MJRefresh: b48380ae2b927b46c4ef000de9adb8dc748e1df7
  mob_sharesdk: e859de6ace7542f3395ce055682f7cd40efdfaa1
  MOBFoundation: a87c5f11fb87f873337189c3ec0add4d3ec6221a
  "NSDate+Helper": 78f517ac1c67914096433466fa7d20b812b9d86c
  PPNetworkHelper: e893191a73665e9c496c2887fd5ceece9e930bb8
  PYSearch: 55175e6046e2e1b5236a90c780351988e914a015
  ReactiveObjC: ce79989e8684b9086b5f8d0c74bc7b81a8729c9e
  RTRootNavigationController: d6aa6cbb78a3eaecea4f6e4df63f15dd887836b8
  SDAutoLayout: c5509e77ae75735d9a39f7bc83dba6d3f75d49d8
  SDCycleScrollView: 884b88f0266dd4708a0e1934975c69cb971707b1
  SDWebImage: 47e9b5b925cbce75946c23f0c42dd19464189af4
  Toast: 91b396c56ee72a5790816f40d3a94dd357abc196
  TTTAttributedLabel: 8cffe8e127e4e82ff3af1e5386d4cd0ad000b656
  TYCyclePagerView: b70858c9b5d0e80e1e3129ff5ceb027eb0f76d44
  YYCache: 8105b6638f5e849296c71f331ff83891a4942952
  YYImage: 1e1b62a9997399593e4b9c4ecfbbabbf1d3f3b54
  YYWebImage: 5f7f36aee2ae293f016d418c7d6ba05c4863e928

PODFILE CHECKSUM: 8dedd85fc72f152c55875e465551e43a6db090d9

COCOAPODS: 1.6.0.beta.1
